
Microsoft Visual Studio Solution File, Format Version 12.00
# Visual Studio Version 17
VisualStudioVersion = 17.10.35122.118
MinimumVisualStudioVersion = 10.0.40219.1
Project("{9A19103F-16F7-4668-BE54-9A1E7A4F7556}") = "Business", "Business\Business.csproj", "{632D9D35-5AF8-41DD-81AE-30E743534B15}"
EndProject
Project("{9A19103F-16F7-4668-BE54-9A1E7A4F7556}") = "Repositories", "Repositories\Repositories.csproj", "{3856EB28-A5BD-4CAE-AC4F-B69E9100CD84}"
EndProject
Project("{9A19103F-16F7-4668-BE54-9A1E7A4F7556}") = "Models", "Models\Models.csproj", "{1625F62E-EB42-47E5-B463-B5FC307F447F}"
EndProject
Project("{9A19103F-16F7-4668-BE54-9A1E7A4F7556}") = "ViewModels", "ViewModels\ViewModels.csproj", "{7379983B-CF8D-4BDD-B1CF-2BBA89A93E99}"
EndProject
Project("{9A19103F-16F7-4668-BE54-9A1E7A4F7556}") = "Presentation", "Presentation\Presentation.csproj", "{A5FDE4A7-D8BE-4948-99E0-DE04A2EE922D}"
EndProject
Global
	GlobalSection(SolutionConfigurationPlatforms) = preSolution
		Debug|Any CPU = Debug|Any CPU
		Release|Any CPU = Release|Any CPU
	EndGlobalSection
	GlobalSection(ProjectConfigurationPlatforms) = postSolution
		{632D9D35-5AF8-41DD-81AE-30E743534B15}.Debug|Any CPU.ActiveCfg = Debug|Any CPU
		{632D9D35-5AF8-41DD-81AE-30E743534B15}.Debug|Any CPU.Build.0 = Debug|Any CPU
		{632D9D35-5AF8-41DD-81AE-30E743534B15}.Release|Any CPU.ActiveCfg = Release|Any CPU
		{632D9D35-5AF8-41DD-81AE-30E743534B15}.Release|Any CPU.Build.0 = Release|Any CPU
		{3856EB28-A5BD-4CAE-AC4F-B69E9100CD84}.Debug|Any CPU.ActiveCfg = Debug|Any CPU
		{3856EB28-A5BD-4CAE-AC4F-B69E9100CD84}.Debug|Any CPU.Build.0 = Debug|Any CPU
		{3856EB28-A5BD-4CAE-AC4F-B69E9100CD84}.Release|Any CPU.ActiveCfg = Release|Any CPU
		{3856EB28-A5BD-4CAE-AC4F-B69E9100CD84}.Release|Any CPU.Build.0 = Release|Any CPU
		{1625F62E-EB42-47E5-B463-B5FC307F447F}.Debug|Any CPU.ActiveCfg = Debug|Any CPU
		{1625F62E-EB42-47E5-B463-B5FC307F447F}.Debug|Any CPU.Build.0 = Debug|Any CPU
		{1625F62E-EB42-47E5-B463-B5FC307F447F}.Release|Any CPU.ActiveCfg = Release|Any CPU
		{1625F62E-EB42-47E5-B463-B5FC307F447F}.Release|Any CPU.Build.0 = Release|Any CPU
		{7379983B-CF8D-4BDD-B1CF-2BBA89A93E99}.Debug|Any CPU.ActiveCfg = Debug|Any CPU
		{7379983B-CF8D-4BDD-B1CF-2BBA89A93E99}.Debug|Any CPU.Build.0 = Debug|Any CPU
		{7379983B-CF8D-4BDD-B1CF-2BBA89A93E99}.Release|Any CPU.ActiveCfg = Release|Any CPU
		{7379983B-CF8D-4BDD-B1CF-2BBA89A93E99}.Release|Any CPU.Build.0 = Release|Any CPU
		{A5FDE4A7-D8BE-4948-99E0-DE04A2EE922D}.Debug|Any CPU.ActiveCfg = Debug|Any CPU
		{A5FDE4A7-D8BE-4948-99E0-DE04A2EE922D}.Debug|Any CPU.Build.0 = Debug|Any CPU
		{A5FDE4A7-D8BE-4948-99E0-DE04A2EE922D}.Release|Any CPU.ActiveCfg = Release|Any CPU
		{A5FDE4A7-D8BE-4948-99E0-DE04A2EE922D}.Release|Any CPU.Build.0 = Release|Any CPU
	EndGlobalSection
	GlobalSection(SolutionProperties) = preSolution
		HideSolutionNode = FALSE
	EndGlobalSection
	GlobalSection(ExtensibilityGlobals) = postSolution
		SolutionGuid = {6D45CEE2-DEC4-4544-BADB-E1D23811254B}
	EndGlobalSection
EndGlobal
